
Microsoft Visual Studio Solution File, Format Version 12.00
# Visual Studio Version 17
VisualStudioVersion = 17.2.32519.379
MinimumVisualStudioVersion = 10.0.40219.1
Project("{FAE04EC0-301F-11D3-BF4B-00C04F79EFBC}") = "AWFPlayer", "AWFPlayer.csproj", "{91A0A260-D50B-4CC1-9AF2-365E8CBD93CD}"
EndProject
Global
	GlobalSection(SolutionConfigurationPlatforms) = preSolution
		Debug|Any CPU = Debug|Any CPU
		Release|Any CPU = Release|Any CPU
	EndGlobalSection
	GlobalSection(ProjectConfigurationPlatforms) = postSolution
		{91A0A260-D50B-4CC1-9AF2-365E8CBD93CD}.Debug|Any CPU.ActiveCfg = Debug|Any CPU
		{91A0A260-D50B-4CC1-9AF2-365E8CBD93CD}.Debug|Any CPU.Build.0 = Debug|Any CPU
		{91A0A260-D50B-4CC1-9AF2-365E8CBD93CD}.Release|Any CPU.ActiveCfg = Release|Any CPU
		{91A0A260-D50B-4CC1-9AF2-365E8CBD93CD}.Release|Any CPU.Build.0 = Release|Any CPU
	EndGlobalSection
	GlobalSection(SolutionProperties) = preSolution
		HideSolutionNode = FALSE
	EndGlobalSection
	GlobalSection(ExtensibilityGlobals) = postSolution
		SolutionGuid = {DEB3F5C1-C081-41F6-86FE-B20A635E7106}
	EndGlobalSection
EndGlobal
